// !$*UTF8*$!
{
	archiveVersion = 1;
	classes = {
	};
	objectVersion = 55;
	objects = {

/* Begin PBXBuildFile section */
		B934F9B127E69DC90004A916 /* AppDelegate.swift in Sources */ = {isa = PBXBuildFile; fileRef = B934F9B027E69DC90004A916 /* AppDelegate.swift */; };
		B934F9B327E69DC90004A916 /* SceneDelegate.swift in Sources */ = {isa = PBXBuildFile; fileRef = B934F9B227E69DC90004A916 /* SceneDelegate.swift */; };
		B934F9B827E69DC90004A916 /* Main.storyboard in Resources */ = {isa = PBXBuildFile; fileRef = B934F9B627E69DC90004A916 /* Main.storyboard */; };
		B934F9BA27E69DCA0004A916 /* Assets.xcassets in Resources */ = {isa = PBXBuildFile; fileRef = B934F9B927E69DCA0004A916 /* Assets.xcassets */; };
		B934F9BD27E69DCA0004A916 /* LaunchScreen.storyboard in Resources */ = {isa = PBXBuildFile; fileRef = B934F9BB27E69DCA0004A916 /* LaunchScreen.storyboard */; };
		B934F9C627E69DE10004A916 /* StoreKit.framework in Frameworks */ = {isa = PBXBuildFile; fileRef = B934F9C527E69DE10004A916 /* StoreKit.framework */; };
		B934F9C827E69E0B0004A916 /* IAPHelper.swift in Sources */ = {isa = PBXBuildFile; fileRef = B934F9C727E69E0B0004A916 /* IAPHelper.swift */; };
		B934F9CA27E69E510004A916 /* AnimalsIAPExampleProducts.swift in Sources */ = {isa = PBXBuildFile; fileRef = B934F9C927E69E510004A916 /* AnimalsIAPExampleProducts.swift */; };
		B934F9CC27E69E5F0004A916 /* MasterViewController.swift in Sources */ = {isa = PBXBuildFile; fileRef = B934F9CB27E69E5F0004A916 /* MasterViewController.swift */; };
		B934F9CE27E69E6A0004A916 /* DetailViewController.swift in Sources */ = {isa = PBXBuildFile; fileRef = B934F9CD27E69E6A0004A916 /* DetailViewController.swift */; };
		B934F9D027E69E780004A916 /* ProductCell.swift in Sources */ = {isa = PBXBuildFile; fileRef = B934F9CF27E69E780004A916 /* ProductCell.swift */; };
/* End PBXBuildFile section */

/* Begin PBXFileReference section */
		B934F9AD27E69DC90004A916 /* Animals IAP Example.app */ = {isa = PBXFileReference; explicitFileType = wrapper.application; includeInIndex = 0; path = "Animals IAP Example.app"; sourceTree = BUILT_PRODUCTS_DIR; };
		B934F9B027E69DC90004A916 /* AppDelegate.swift */ = {isa = PBXFileReference; lastKnownFileType = sourcecode.swift; path = AppDelegate.swift; sourceTree = "<group>"; };
		B934F9B227E69DC90004A916 /* SceneDelegate.swift */ = {isa = PBXFileReference; lastKnownFileType = sourcecode.swift; path = SceneDelegate.swift; sourceTree = "<group>"; };
		B934F9B727E69DC90004A916 /* Base */ = {isa = PBXFileReference; lastKnownFileType = file.storyboard; name = Base; path = Base.lproj/Main.storyboard; sourceTree = "<group>"; };
		B934F9B927E69DCA0004A916 /* Assets.xcassets */ = {isa = PBXFileReference; lastKnownFileType = folder.assetcatalog; path = Assets.xcassets; sourceTree = "<group>"; };
		B934F9BC27E69DCA0004A916 /* Base */ = {isa = PBXFileReference; lastKnownFileType = file.storyboard; name = Base; path = Base.lproj/LaunchScreen.storyboard; sourceTree = "<group>"; };
		B934F9BE27E69DCA0004A916 /* Info.plist */ = {isa = PBXFileReference; lastKnownFileType = text.plist.xml; path = Info.plist; sourceTree = "<group>"; };
		B934F9C527E69DE10004A916 /* StoreKit.framework */ = {isa = PBXFileReference; lastKnownFileType = wrapper.framework; name = StoreKit.framework; path = System/Library/Frameworks/StoreKit.framework; sourceTree = SDKROOT; };
		B934F9C727E69E0B0004A916 /* IAPHelper.swift */ = {isa = PBXFileReference; lastKnownFileType = sourcecode.swift; path = IAPHelper.swift; sourceTree = "<group>"; };
		B934F9C927E69E510004A916 /* AnimalsIAPExampleProducts.swift */ = {isa = PBXFileReference; lastKnownFileType = sourcecode.swift; path = AnimalsIAPExampleProducts.swift; sourceTree = "<group>"; };
		B934F9CB27E69E5F0004A916 /* MasterViewController.swift */ = {isa = PBXFileReference; lastKnownFileType = sourcecode.swift; path = MasterViewController.swift; sourceTree = "<group>"; };
		B934F9CD27E69E6A0004A916 /* DetailViewController.swift */ = {isa = PBXFileReference; lastKnownFileType = sourcecode.swift; path = DetailViewController.swift; sourceTree = "<group>"; };
		B934F9CF27E69E780004A916 /* ProductCell.swift */ = {isa = PBXFileReference; lastKnownFileType = sourcecode.swift; path = ProductCell.swift; sourceTree = "<group>"; };
/* End PBXFileReference section */

/* Begin PBXFrameworksBuildPhase section */
		B934F9AA27E69DC90004A916 /* Frameworks */ = {
			isa = PBXFrameworksBuildPhase;
			buildActionMask = 2147483647;
			files = (
				B934F9C627E69DE10004A916 /* StoreKit.framework in Frameworks */,
			);
			runOnlyForDeploymentPostprocessing = 0;
		};
/* End PBXFrameworksBuildPhase section */

/* Begin PBXGroup section */
		B934F9A427E69DC90004A916 = {
			isa = PBXGroup;
			children = (
				B934F9AF27E69DC90004A916 /* Animals IAP Example */,
				B934F9AE27E69DC90004A916 /* Products */,
				B934F9C427E69DE10004A916 /* Frameworks */,
			);
			sourceTree = "<group>";
		};
		B934F9AE27E69DC90004A916 /* Products */ = {
			isa = PBXGroup;
			children = (
				B934F9AD27E69DC90004A916 /* Animals IAP Example.app */,
			);
			name = Products;
			sourceTree = "<group>";
		};
		B934F9AF27E69DC90004A916 /* Animals IAP Example */ = {
			isa = PBXGroup;
			children = (
				B934F9B027E69DC90004A916 /* AppDelegate.swift */,
				B934F9B227E69DC90004A916 /* SceneDelegate.swift */,
				B934F9C727E69E0B0004A916 /* IAPHelper.swift */,
				B934F9C927E69E510004A916 /* AnimalsIAPExampleProducts.swift */,
				B934F9CB27E69E5F0004A916 /* MasterViewController.swift */,
				B934F9CD27E69E6A0004A916 /* DetailViewController.swift */,
				B934F9CF27E69E780004A916 /* ProductCell.swift */,
				B934F9B627E69DC90004A916 /* Main.storyboard */,
				B934F9B927E69DCA0004A916 /* Assets.xcassets */,
				B934F9BB27E69DCA0004A916 /* LaunchScreen.storyboard */,
				B934F9BE27E69DCA0004A916 /* Info.plist */,
			);
			path = "Animals IAP Example";
			sourceTree = "<group>";
		};
		B934F9C427E69DE10004A916 /* Frameworks */ = {
			isa = PBXGroup;
			children = (
				B934F9C527E69DE10004A916 /* StoreKit.framework */,
			);
			name = Frameworks;
			sourceTree = "<group>";
		};
/* End PBXGroup section */

/* Begin PBXNativeTarget section */
		B934F9AC27E69DC90004A916 /* Animals IAP Example */ = {
			isa = PBXNativeTarget;
			buildConfigurationList = B934F9C127E69DCA0004A916 /* Build configuration list for PBXNativeTarget "Animals IAP Example" */;
			buildPhases = (
				B934F9A927E69DC90004A916 /* Sources */,
				B934F9AA27E69DC90004A916 /* Frameworks */,
				B934F9AB27E69DC90004A916 /* Resources */,
			);
			buildRules = (
			);
			dependencies = (
			);
			name = "Animals IAP Example";
			productName = "Animals IAP Example";
			productReference = B934F9AD27E69DC90004A916 /* Animals IAP Example.app */;
			productType = "com.apple.product-type.application";
		};
/* End PBXNativeTarget section */

/* Begin PBXProject section */
		B934F9A527E69DC90004A916 /* Project object */ = {
			isa = PBXProject;
			attributes = {
				BuildIndependentTargetsInParallel = 1;
				LastSwiftUpdateCheck = 1330;
				LastUpgradeCheck = 1330;
				TargetAttributes = {
					B934F9AC27E69DC90004A916 = {
						CreatedOnToolsVersion = 13.3;
					};
				};
			};
			buildConfigurationList = B934F9A827E69DC90004A916 /* Build configuration list for PBXProject "Animals IAP Example" */;
			compatibilityVersion = "Xcode 13.0";
			developmentRegion = en;
			hasScannedForEncodings = 0;
			knownRegions = (
				en,
				Base,
			);
			mainGroup = B934F9A427E69DC90004A916;
			productRefGroup = B934F9AE27E69DC90004A916 /* Products */;
			projectDirPath = "";
			projectRoot = "";
			targets = (
				B934F9AC27E69DC90004A916 /* Animals IAP Example */,
			);
		};
/* End PBXProject section */

/* Begin PBXResourcesBuildPhase section */
		B934F9AB27E69DC90004A916 /* Resources */ = {
			isa = PBXResourcesBuildPhase;
			buildActionMask = 2147483647;
			files = (
				B934F9BD27E69DCA0004A916 /* LaunchScreen.storyboard in Resources */,
				B934F9BA27E69DCA0004A916 /* Assets.xcassets in Resources */,
				B934F9B827E69DC90004A916 /* Main.storyboard in Resources */,
			);
			runOnlyForDeploymentPostprocessing = 0;
		};
/* End PBXResourcesBuildPhase section */

/* Begin PBXSourcesBuildPhase section */
		B934F9A927E69DC90004A916 /* Sources */ = {
			isa = PBXSourcesBuildPhase;
			buildActionMask = 2147483647;
			files = (
				B934F9CC27E69E5F0004A916 /* MasterViewController.swift in Sources */,
				B934F9B127E69DC90004A916 /* AppDelegate.swift in Sources */,
				B934F9CA27E69E510004A916 /* AnimalsIAPExampleProducts.swift in Sources */,
				B934F9CE27E69E6A0004A916 /* DetailViewController.swift in Sources */,
				B934F9C827E69E0B0004A916 /* IAPHelper.swift in Sources */,
				B934F9D027E69E780004A916 /* ProductCell.swift in Sources */,
				B934F9B327E69DC90004A916 /* SceneDelegate.swift in Sources */,
			);
			runOnlyForDeploymentPostprocessing = 0;
		};
/* End PBXSourcesBuildPhase section */

/* Begin PBXVariantGroup section */
		B934F9B627E69DC90004A916 /* Main.storyboard */ = {
			isa = PBXVariantGroup;
			children = (
				B934F9B727E69DC90004A916 /* Base */,
			);
			name = Main.storyboard;
			sourceTree = "<group>";
		};
		B934F9BB27E69DCA0004A916 /* LaunchScreen.storyboard */ = {
			isa = PBXVariantGroup;
			children = (
				B934F9BC27E69DCA0004A916 /* Base */,
			);
			name = LaunchScreen.storyboard;
			sourceTree = "<group>";
		};
/* End PBXVariantGroup section */

/* Begin XCBuildConfiguration section */
		B934F9BF27E69DCA0004A916 /* Debug */ = {
			isa = XCBuildConfiguration;
			buildSettings = {
				ALWAYS_SEARCH_USER_PATHS = NO;
				CLANG_ANALYZER_NONNULL = YES;
				CLANG_ANALYZER_NUMBER_OBJECT_CONVERSION = YES_AGGRESSIVE;
				CLANG_CXX_LANGUAGE_STANDARD = "gnu++17";
				CLANG_ENABLE_MODULES = YES;
				CLANG_ENABLE_OBJC_ARC = YES;
				CLANG_ENABLE_OBJC_WEAK = YES;
				CLANG_WARN_BLOCK_CAPTURE_AUTORELEASING = YES;
				CLANG_WARN_BOOL_CONVERSION = YES;
				CLANG_WARN_COMMA = YES;
				CLANG_WARN_CONSTANT_CONVERSION = YES;
				CLANG_WARN_DEPRECATED_OBJC_IMPLEMENTATIONS = YES;
				CLANG_WARN_DIRECT_OBJC_ISA_USAGE = YES_ERROR;
				CLANG_WARN_DOCUMENTATION_COMMENTS = YES;
				CLANG_WARN_EMPTY_BODY = YES;
				CLANG_WARN_ENUM_CONVERSION = YES;
				CLANG_WARN_INFINITE_RECURSION = YES;
				CLANG_WARN_INT_CONVERSION = YES;
				CLANG_WARN_NON_LITERAL_NULL_CONVERSION = YES;
				CLANG_WARN_OBJC_IMPLICIT_RETAIN_SELF = YES;
				CLANG_WARN_OBJC_LITERAL_CONVERSION = YES;
				CLANG_WARN_OBJC_ROOT_CLASS = YES_ERROR;
				CLANG_WARN_QUOTED_INCLUDE_IN_FRAMEWORK_HEADER = YES;
				CLANG_WARN_RANGE_LOOP_ANALYSIS = YES;
				CLANG_WARN_STRICT_PROTOTYPES = YES;
				CLANG_WARN_SUSPICIOUS_MOVE = YES;
				CLANG_WARN_UNGUARDED_AVAILABILITY = YES_AGGRESSIVE;
				CLANG_WARN_UNREACHABLE_CODE = YES;
				CLANG_WARN__DUPLICATE_METHOD_MATCH = YES;
				COPY_PHASE_STRIP = NO;
				DEBUG_INFORMATION_FORMAT = dwarf;
				ENABLE_STRICT_OBJC_MSGSEND = YES;
				ENABLE_TESTABILITY = YES;
				GCC_C_LANGUAGE_STANDARD = gnu11;
				GCC_DYNAMIC_NO_PIC = NO;
				GCC_NO_COMMON_BLOCKS = YES;
				GCC_OPTIMIZATION_LEVEL = 0;
				GCC_PREPROCESSOR_DEFINITIONS = (
					"DEBUG=1",
					"$(inherited)",
				);
				GCC_WARN_64_TO_32_BIT_CONVERSION = YES;
				GCC_WARN_ABOUT_RETURN_TYPE = YES_ERROR;
				GCC_WARN_UNDECLARED_SELECTOR = YES;
				GCC_WARN_UNINITIALIZED_AUTOS = YES_AGGRESSIVE;
				GCC_WARN_UNUSED_FUNCTION = YES;
				GCC_WARN_UNUSED_VARIABLE = YES;
				IPHONEOS_DEPLOYMENT_TARGET = 15.4;
				MTL_ENABLE_DEBUG_INFO = INCLUDE_SOURCE;
				MTL_FAST_MATH = YES;
				ONLY_ACTIVE_ARCH = YES;
				SDKROOT = iphoneos;
				SWIFT_ACTIVE_COMPILATION_CONDITIONS = DEBUG;
				SWIFT_OPTIMIZATION_LEVEL = "-Onone";
			};
			name = Debug;
		};
		B934F9C027E69DCA0004A916 /* Release */ = {
			isa = XCBuildConfiguration;
			buildSettings = {
				ALWAYS_SEARCH_USER_PATHS = NO;
				CLANG_ANALYZER_NONNULL = YES;
				CLANG_ANALYZER_NUMBER_OBJECT_CONVERSION = YES_AGGRESSIVE;
				CLANG_CXX_LANGUAGE_STANDARD = "gnu++17";
				CLANG_ENABLE_MODULES = YES;
				CLANG_ENABLE_OBJC_ARC = YES;
				CLANG_ENABLE_OBJC_WEAK = YES;
				CLANG_WARN_BLOCK_CAPTURE_AUTORELEASING = YES;
				CLANG_WARN_BOOL_CONVERSION = YES;
				CLANG_WARN_COMMA = YES;
				CLANG_WARN_CONSTANT_CONVERSION = YES;
				CLANG_WARN_DEPRECATED_OBJC_IMPLEMENTATIONS = YES;
				CLANG_WARN_DIRECT_OBJC_ISA_USAGE = YES_ERROR;
				CLANG_WARN_DOCUMENTATION_COMMENTS = YES;
				CLANG_WARN_EMPTY_BODY = YES;
				CLANG_WARN_ENUM_CONVERSION = YES;
				CLANG_WARN_INFINITE_RECURSION = YES;
				CLANG_WARN_INT_CONVERSION = YES;
				CLANG_WARN_NON_LITERAL_NULL_CONVERSION = YES;
				CLANG_WARN_OBJC_IMPLICIT_RETAIN_SELF = YES;
				CLANG_WARN_OBJC_LITERAL_CONVERSION = YES;
				CLANG_WARN_OBJC_ROOT_CLASS = YES_ERROR;
				CLANG_WARN_QUOTED_INCLUDE_IN_FRAMEWORK_HEADER = YES;
				CLANG_WARN_RANGE_LOOP_ANALYSIS = YES;
				CLANG_WARN_STRICT_PROTOTYPES = YES;
				CLANG_WARN_SUSPICIOUS_MOVE = YES;
				CLANG_WARN_UNGUARDED_AVAILABILITY = YES_AGGRESSIVE;
				CLANG_WARN_UNREACHABLE_CODE = YES;
				CLANG_WARN__DUPLICATE_METHOD_MATCH = YES;
				COPY_PHASE_STRIP = NO;
				DEBUG_INFORMATION_FORMAT = "dwarf-with-dsym";
				ENABLE_NS_ASSERTIONS = NO;
				ENABLE_STRICT_OBJC_MSGSEND = YES;
				GCC_C_LANGUAGE_STANDARD = gnu11;
				GCC_NO_COMMON_BLOCKS = YES;
				GCC_WARN_64_TO_32_BIT_CONVERSION = YES;
				GCC_WARN_ABOUT_RETURN_TYPE = YES_ERROR;
				GCC_WARN_UNDECLARED_SELECTOR = YES;
				GCC_WARN_UNINITIALIZED_AUTOS = YES_AGGRESSIVE;
				GCC_WARN_UNUSED_FUNCTION = YES;
				GCC_WARN_UNUSED_VARIABLE = YES;
				IPHONEOS_DEPLOYMENT_TARGET = 15.4;
				MTL_ENABLE_DEBUG_INFO = NO;
				MTL_FAST_MATH = YES;
				SDKROOT = iphoneos;
				SWIFT_COMPILATION_MODE = wholemodule;
				SWIFT_OPTIMIZATION_LEVEL = "-O";
				VALIDATE_PRODUCT = YES;
			};
			name = Release;
		};
		B934F9C227E69DCA0004A916 /* Debug */ = {
			isa = XCBuildConfiguration;
			buildSettings = {
				ASSETCATALOG_COMPILER_APPICON_NAME = AppIcon;
				ASSETCATALOG_COMPILER_GLOBAL_ACCENT_COLOR_NAME = AccentColor;
				CODE_SIGN_STYLE = Automatic;
				CURRENT_PROJECT_VERSION = 1;
				DEVELOPMENT_TEAM = BYN5WDC2W6;
				GENERATE_INFOPLIST_FILE = YES;
				INFOPLIST_FILE = "Animals IAP Example/Info.plist";
				INFOPLIST_KEY_UIApplicationSupportsIndirectInputEvents = YES;
				INFOPLIST_KEY_UILaunchStoryboardName = LaunchScreen;
				INFOPLIST_KEY_UIMainStoryboardFile = Main;
				INFOPLIST_KEY_UISupportedInterfaceOrientations_iPad = "UIInterfaceOrientationPortrait UIInterfaceOrientationPortraitUpsideDown UIInterfaceOrientationLandscapeLeft UIInterfaceOrientationLandscapeRight";
				INFOPLIST_KEY_UISupportedInterfaceOrientations_iPhone = "UIInterfaceOrientationPortrait UIInterfaceOrientationLandscapeLeft UIInterfaceOrientationLandscapeRight";
				LD_RUNPATH_SEARCH_PATHS = (
					"$(inherited)",
					"@executable_path/Frameworks",
				);
				MARKETING_VERSION = 1.0;
				PRODUCT_BUNDLE_IDENTIFIER = "de.JBCodes.Animals-IAP-Example";
				PRODUCT_NAME = "$(TARGET_NAME)";
				SWIFT_EMIT_LOC_STRINGS = YES;
				SWIFT_VERSION = 5.0;
				TARGETED_DEVICE_FAMILY = "1,2";
			};
			name = Debug;
		};
		B934F9C327E69DCA0004A916 /* Release */ = {
			isa = XCBuildConfiguration;
			buildSettings = {
				ASSETCATALOG_COMPILER_APPICON_NAME = AppIcon;
				ASSETCATALOG_COMPILER_GLOBAL_ACCENT_COLOR_NAME = AccentColor;
				CODE_SIGN_STYLE = Automatic;
				CURRENT_PROJECT_VERSION = 1;
				DEVELOPMENT_TEAM = BYN5WDC2W6;
				GENERATE_INFOPLIST_FILE = YES;
				INFOPLIST_FILE = "Animals IAP Example/Info.plist";
				INFOPLIST_KEY_UIApplicationSupportsIndirectInputEvents = YES;
				INFOPLIST_KEY_UILaunchStoryboardName = LaunchScreen;
				INFOPLIST_KEY_UIMainStoryboardFile = Main;
				INFOPLIST_KEY_UISupportedInterfaceOrientations_iPad = "UIInterfaceOrientationPortrait UIInterfaceOrientationPortraitUpsideDown UIInterfaceOrientationLandscapeLeft UIInterfaceOrientationLandscapeRight";
				INFOPLIST_KEY_UISupportedInterfaceOrientations_iPhone = "UIInterfaceOrientationPortrait UIInterfaceOrientationLandscapeLeft UIInterfaceOrientationLandscapeRight";
				LD_RUNPATH_SEARCH_PATHS = (
					"$(inherited)",
					"@executable_path/Frameworks",
				);
				MARKETING_VERSION = 1.0;
				PRODUCT_BUNDLE_IDENTIFIER = "de.JBCodes.Animals-IAP-Example";
				PRODUCT_NAME = "$(TARGET_NAME)";
				SWIFT_EMIT_LOC_STRINGS = YES;
				SWIFT_VERSION = 5.0;
				TARGETED_DEVICE_FAMILY = "1,2";
			};
			name = Release;
		};
/* End XCBuildConfiguration section */

/* Begin XCConfigurationList section */
		B934F9A827E69DC90004A916 /* Build configuration list for PBXProject "Animals IAP Example" */ = {
			isa = XCConfigurationList;
			buildConfigurations = (
				B934F9BF27E69DCA0004A916 /* Debug */,
				B934F9C027E69DCA0004A916 /* Release */,
			);
			defaultConfigurationIsVisible = 0;
			defaultConfigurationName = Release;
		};
		B934F9C127E69DCA0004A916 /* Build configuration list for PBXNativeTarget "Animals IAP Example" */ = {
			isa = XCConfigurationList;
			buildConfigurations = (
				B934F9C227E69DCA0004A916 /* Debug */,
				B934F9C327E69DCA0004A916 /* Release */,
			);
			defaultConfigurationIsVisible = 0;
			defaultConfigurationName = Release;
		};
/* End XCConfigurationList section */
	};
	rootObject = B934F9A527E69DC90004A916 /* Project object */;
}
